
Microsoft Visual Studio Solution File, Format Version 12.00
# Visual Studio Version 17
VisualStudioVersion = 17.8.34309.116
MinimumVisualStudioVersion = 10.0.40219.1
Project("{9A19103F-16F7-4668-BE54-9A1E7A4F7556}") = "Garage_Management_System", "Garage_Management_System.csproj", "{824A9C94-9E5A-47AE-A4D3-2996E7B9168C}"
EndProject
Global
	GlobalSection(SolutionConfigurationPlatforms) = preSolution
		Debug|Any CPU = Debug|Any CPU
		Release|Any CPU = Release|Any CPU
	EndGlobalSection
	GlobalSection(ProjectConfigurationPlatforms) = postSolution
		{824A9C94-9E5A-47AE-A4D3-2996E7B9168C}.Debug|Any CPU.ActiveCfg = Debug|Any CPU
		{824A9C94-9E5A-47AE-A4D3-2996E7B9168C}.Debug|Any CPU.Build.0 = Debug|Any CPU
		{824A9C94-9E5A-47AE-A4D3-2996E7B9168C}.Release|Any CPU.ActiveCfg = Release|Any CPU
		{824A9C94-9E5A-47AE-A4D3-2996E7B9168C}.Release|Any CPU.Build.0 = Release|Any CPU
	EndGlobalSection
	GlobalSection(SolutionProperties) = preSolution
		HideSolutionNode = FALSE
	EndGlobalSection
	GlobalSection(ExtensibilityGlobals) = postSolution
		SolutionGuid = {4DC3687F-A966-4B3D-AFE8-7D58B0C85E78}
	EndGlobalSection
EndGlobal
